
Microsoft Visual Studio Solution File, Format Version 12.00
# Visual Studio Version 17
VisualStudioVersion = 17.13.35828.75 d17.13
MinimumVisualStudioVersion = 10.0.40219.1
Project("{8BC9CEB8-8B4A-11D0-8D11-00A0C91BC942}") = "change-shape-color", "change-shape-color\change-shape-color.vcxproj", "{F2644A4D-5353-A4A4-CCB8-D8C67C1A6DAC}"
EndProject
Global
	GlobalSection(SolutionConfigurationPlatforms) = preSolution
		Debug|x64 = Debug|x64
		Debug|x86 = Debug|x86
		Release|x64 = Release|x64
		Release|x86 = Release|x86
	EndGlobalSection
	GlobalSection(ProjectConfigurationPlatforms) = postSolution
		{F2644A4D-5353-A4A4-CCB8-D8C67C1A6DAC}.Debug|x64.ActiveCfg = Debug|x64
		{F2644A4D-5353-A4A4-CCB8-D8C67C1A6DAC}.Debug|x64.Build.0 = Debug|x64
		{F2644A4D-5353-A4A4-CCB8-D8C67C1A6DAC}.Debug|x86.ActiveCfg = Debug|Win32
		{F2644A4D-5353-A4A4-CCB8-D8C67C1A6DAC}.Debug|x86.Build.0 = Debug|Win32
		{F2644A4D-5353-A4A4-CCB8-D8C67C1A6DAC}.Release|x64.ActiveCfg = Release|x64
		{F2644A4D-5353-A4A4-CCB8-D8C67C1A6DAC}.Release|x64.Build.0 = Release|x64
		{F2644A4D-5353-A4A4-CCB8-D8C67C1A6DAC}.Release|x86.ActiveCfg = Release|Win32
		{F2644A4D-5353-A4A4-CCB8-D8C67C1A6DAC}.Release|x86.Build.0 = Release|Win32
	EndGlobalSection
	GlobalSection(SolutionProperties) = preSolution
		HideSolutionNode = FALSE
	EndGlobalSection
	GlobalSection(ExtensibilityGlobals) = postSolution
		SolutionGuid = {74A1DE03-67CB-44D8-A05C-9F6DB5F91A18}
	EndGlobalSection
EndGlobal
